
Microsoft Visual Studio Solution File, Format Version 12.00
# Visual Studio Version 17
VisualStudioVersion = 17.9.34902.65
MinimumVisualStudioVersion = 10.0.40219.1
Project("{8BC9CEB8-8B4A-11D0-8D11-00A0C91BC942}") = "Project3", "Project3\Project3.vcxproj", "{39F5BEA0-71F6-4A3C-9E0A-B000FC0D0985}"
EndProject
Global
	GlobalSection(SolutionConfigurationPlatforms) = preSolution
		Debug|x64 = Debug|x64
		Debug|x86 = Debug|x86
		Release|x64 = Release|x64
		Release|x86 = Release|x86
	EndGlobalSection
	GlobalSection(ProjectConfigurationPlatforms) = postSolution
		{39F5BEA0-71F6-4A3C-9E0A-B000FC0D0985}.Debug|x64.ActiveCfg = Debug|x64
		{39F5BEA0-71F6-4A3C-9E0A-B000FC0D0985}.Debug|x64.Build.0 = Debug|x64
		{39F5BEA0-71F6-4A3C-9E0A-B000FC0D0985}.Debug|x86.ActiveCfg = Debug|Win32
		{39F5BEA0-71F6-4A3C-9E0A-B000FC0D0985}.Debug|x86.Build.0 = Debug|Win32
		{39F5BEA0-71F6-4A3C-9E0A-B000FC0D0985}.Release|x64.ActiveCfg = Release|x64
		{39F5BEA0-71F6-4A3C-9E0A-B000FC0D0985}.Release|x64.Build.0 = Release|x64
		{39F5BEA0-71F6-4A3C-9E0A-B000FC0D0985}.Release|x86.ActiveCfg = Release|Win32
		{39F5BEA0-71F6-4A3C-9E0A-B000FC0D0985}.Release|x86.Build.0 = Release|Win32
	EndGlobalSection
	GlobalSection(SolutionProperties) = preSolution
		HideSolutionNode = FALSE
	EndGlobalSection
	GlobalSection(ExtensibilityGlobals) = postSolution
		SolutionGuid = {D1701F95-FE97-435F-842A-467E32851B99}
	EndGlobalSection
EndGlobal
